{
  "nodes": {
    "crane": {
      "inputs": {
        "nixpkgs": [
          "sway-workspace-extras",
          "nixpkgs"
        ]
      },
      "locked": {
        "lastModified": 1711150329,
        "narHash": "sha256-Mcejz4bU3a3ZVgGaCk6B2ktk+DIdMN/LzIbKJNzZXPA=",
        "owner": "ipetkov",
        "repo": "crane",
        "rev": "270c7d60d37b769a31bb04d61bc73cc2da1b3f6f",
        "type": "github"
      },
      "original": {
        "owner": "ipetkov",
        "repo": "crane",
        "type": "github"
      }
    },
    "home-manager": {
      "inputs": {
        "nixpkgs": [
          "nixpkgs"
        ]
      },
      "locked": {
        "lastModified": 1713453913,
        "narHash": "sha256-vbXq52VRlL1defMHrwhsoeHm95O3mFefsSSJyNEghbA=",
        "owner": "nix-community",
        "repo": "home-manager",
        "rev": "178e26895b3aef028a00a32fb7e7ed0fc660645c",
        "type": "github"
      },
      "original": {
        "owner": "nix-community",
        "repo": "home-manager",
        "type": "github"
      }
    },
    "nixlib": {
      "locked": {
        "lastModified": 1712450863,
        "narHash": "sha256-K6IkdtMtq9xktmYPj0uaYc8NsIqHuaAoRBaMgu9Fvrw=",
        "owner": "nix-community",
        "repo": "nixpkgs.lib",
        "rev": "3c62b6a12571c9a7f65ab037173ee153d539905f",
        "type": "github"
      },
      "original": {
        "owner": "nix-community",
        "repo": "nixpkgs.lib",
        "type": "github"
      }
    },
    "nixos-generators": {
      "inputs": {
        "nixlib": "nixlib",
        "nixpkgs": [
          "nixpkgs"
        ]
      },
      "locked": {
        "lastModified": 1712537332,
        "narHash": "sha256-yYlxv1sg/TNl6hghjAe0ct+/p5PwXiT1mpuaExjhR88=",
        "owner": "nix-community",
        "repo": "nixos-generators",
        "rev": "d942db8df8ee860556a38754f15b8d03bf7e6933",
        "type": "github"
      },
      "original": {
        "owner": "nix-community",
        "repo": "nixos-generators",
        "type": "github"
      }
    },
    "nixpkgs": {
      "locked": {
        "lastModified": 1713248628,
        "narHash": "sha256-NLznXB5AOnniUtZsyy/aPWOk8ussTuePp2acb9U+ISA=",
        "owner": "NixOS",
        "repo": "nixpkgs",
        "rev": "5672bc9dbf9d88246ddab5ac454e82318d094bb8",
        "type": "github"
      },
      "original": {
        "owner": "NixOS",
        "ref": "nixos-unstable",
        "repo": "nixpkgs",
        "type": "github"
      }
    },
    "nixpkgs-stable": {
      "locked": {
        "lastModified": 1713434076,
        "narHash": "sha256-+/p5edwlkqKZc6GDAQl+92Hoe1f3NNbUF9uj+X9H3pU=",
        "owner": "NixOS",
        "repo": "nixpkgs",
        "rev": "8494ae076b7878d61a7d2d25e89a847fe8f8364c",
        "type": "github"
      },
      "original": {
        "owner": "NixOS",
        "ref": "release-23.11",
        "repo": "nixpkgs",
        "type": "github"
      }
    },
    "nixpkgs_2": {
      "locked": {
        "lastModified": 1711231723,
        "narHash": "sha256-dARJQ8AJOv6U+sdRePkbcVyVbXJTi1tReCrkkOeusiA=",
        "owner": "NixOS",
        "repo": "nixpkgs",
        "rev": "e1d501922fd7351da4200e1275dfcf5faaad1220",
        "type": "github"
      },
      "original": {
        "owner": "NixOS",
        "ref": "nixpkgs-unstable",
        "repo": "nixpkgs",
        "type": "github"
      }
    },
    "root": {
      "inputs": {
        "home-manager": "home-manager",
        "nixos-generators": "nixos-generators",
        "nixpkgs": "nixpkgs",
        "sops-nix": "sops-nix",
        "sway-workspace-extras": "sway-workspace-extras"
      }
    },
    "sops-nix": {
      "inputs": {
        "nixpkgs": [
          "nixpkgs"
        ],
        "nixpkgs-stable": "nixpkgs-stable"
      },
      "locked": {
        "lastModified": 1713457024,
        "narHash": "sha256-31MpStyXedDL1fvuOvn6iz3JURSVShDtDVMyP1PTjtc=",
        "owner": "Mic92",
        "repo": "sops-nix",
        "rev": "b94c6edbb8355756c53efc8ca3874c63622f287a",
        "type": "github"
      },
      "original": {
        "owner": "Mic92",
        "repo": "sops-nix",
        "type": "github"
      }
    },
    "sway-workspace-extras": {
      "inputs": {
        "crane": "crane",
        "nixpkgs": "nixpkgs_2"
      },
      "locked": {
        "lastModified": 1711299137,
        "narHash": "sha256-T8QQRl9mKUgdvj0cINWnxN44KixajBQixkgRqVkBk0A=",
        "owner": "tfkhim",
        "repo": "sway-workspace-extras",
        "rev": "a8b19cc5dadb73d953ef1eec03811e943c7e43b4",
        "type": "github"
      },
      "original": {
        "owner": "tfkhim",
        "repo": "sway-workspace-extras",
        "type": "github"
      }
    }
  },
  "root": "root",
  "version": 7
}
