{
  "nodes": {
    "crane": {
      "inputs": {
        "nixpkgs": [
          "sway-workspace-extras",
          "nixpkgs"
        ]
      },
      "locked": {
        "lastModified": 1711150329,
        "narHash": "sha256-Mcejz4bU3a3ZVgGaCk6B2ktk+DIdMN/LzIbKJNzZXPA=",
        "owner": "ipetkov",
        "repo": "crane",
        "rev": "270c7d60d37b769a31bb04d61bc73cc2da1b3f6f",
        "type": "github"
      },
      "original": {
        "owner": "ipetkov",
        "repo": "crane",
        "type": "github"
      }
    },
    "home-manager": {
      "inputs": {
        "nixpkgs": [
          "nixpkgs"
        ]
      },
      "locked": {
        "lastModified": 1711868868,
        "narHash": "sha256-QpZanlbVu6Gb2K96u3vgu0F2BvZD74+fOsIFWcYEXoY=",
        "owner": "nix-community",
        "repo": "home-manager",
        "rev": "30f2ec39519f4f5a8a96af808c439e730c15aeab",
        "type": "github"
      },
      "original": {
        "owner": "nix-community",
        "repo": "home-manager",
        "type": "github"
      }
    },
    "nixlib": {
      "locked": {
        "lastModified": 1711241261,
        "narHash": "sha256-knrTvpl81yGFHIpm1SsLDApe0thFkw1cl3ISAMPmP/0=",
        "owner": "nix-community",
        "repo": "nixpkgs.lib",
        "rev": "b2a1eeef8c185f6bd27432b053ff09d773244cbc",
        "type": "github"
      },
      "original": {
        "owner": "nix-community",
        "repo": "nixpkgs.lib",
        "type": "github"
      }
    },
    "nixos-generators": {
      "inputs": {
        "nixlib": "nixlib",
        "nixpkgs": [
          "nixpkgs"
        ]
      },
      "locked": {
        "lastModified": 1711626141,
        "narHash": "sha256-0qV1pHeIyUZ18cp8ijQnMf7uV+Uk4+UqTCC6yGSGWvk=",
        "owner": "nix-community",
        "repo": "nixos-generators",
        "rev": "63194fceafbfe583a9eb7d16ab499adc0a6c0bc2",
        "type": "github"
      },
      "original": {
        "owner": "nix-community",
        "repo": "nixos-generators",
        "type": "github"
      }
    },
    "nixpkgs": {
      "locked": {
        "lastModified": 1711703276,
        "narHash": "sha256-iMUFArF0WCatKK6RzfUJknjem0H9m4KgorO/p3Dopkk=",
        "owner": "NixOS",
        "repo": "nixpkgs",
        "rev": "d8fe5e6c92d0d190646fb9f1056741a229980089",
        "type": "github"
      },
      "original": {
        "owner": "NixOS",
        "ref": "nixos-unstable",
        "repo": "nixpkgs",
        "type": "github"
      }
    },
    "nixpkgs-stable": {
      "locked": {
        "lastModified": 1711819797,
        "narHash": "sha256-tNeB6emxj74Y6ctwmsjtMlzUMn458sBmwnD35U5KIM4=",
        "owner": "NixOS",
        "repo": "nixpkgs",
        "rev": "2b4e3ca0091049c6fbb4908c66b05b77eaef9f0c",
        "type": "github"
      },
      "original": {
        "owner": "NixOS",
        "ref": "release-23.11",
        "repo": "nixpkgs",
        "type": "github"
      }
    },
    "nixpkgs_2": {
      "locked": {
        "lastModified": 1711231723,
        "narHash": "sha256-dARJQ8AJOv6U+sdRePkbcVyVbXJTi1tReCrkkOeusiA=",
        "owner": "NixOS",
        "repo": "nixpkgs",
        "rev": "e1d501922fd7351da4200e1275dfcf5faaad1220",
        "type": "github"
      },
      "original": {
        "owner": "NixOS",
        "ref": "nixpkgs-unstable",
        "repo": "nixpkgs",
        "type": "github"
      }
    },
    "root": {
      "inputs": {
        "home-manager": "home-manager",
        "nixos-generators": "nixos-generators",
        "nixpkgs": "nixpkgs",
        "sops-nix": "sops-nix",
        "sway-workspace-extras": "sway-workspace-extras"
      }
    },
    "sops-nix": {
      "inputs": {
        "nixpkgs": [
          "nixpkgs"
        ],
        "nixpkgs-stable": "nixpkgs-stable"
      },
      "locked": {
        "lastModified": 1711855048,
        "narHash": "sha256-HxegAPnQJSC4cbEbF4Iq3YTlFHZKLiNTk8147EbLdGg=",
        "owner": "Mic92",
        "repo": "sops-nix",
        "rev": "99b1e37f9fc0960d064a7862eb7adfb92e64fa10",
        "type": "github"
      },
      "original": {
        "owner": "Mic92",
        "repo": "sops-nix",
        "type": "github"
      }
    },
    "sway-workspace-extras": {
      "inputs": {
        "crane": "crane",
        "nixpkgs": "nixpkgs_2"
      },
      "locked": {
        "lastModified": 1711299137,
        "narHash": "sha256-T8QQRl9mKUgdvj0cINWnxN44KixajBQixkgRqVkBk0A=",
        "owner": "tfkhim",
        "repo": "sway-workspace-extras",
        "rev": "a8b19cc5dadb73d953ef1eec03811e943c7e43b4",
        "type": "github"
      },
      "original": {
        "owner": "tfkhim",
        "repo": "sway-workspace-extras",
        "type": "github"
      }
    }
  },
  "root": "root",
  "version": 7
}
